
Microsoft Visual Studio Solution File, Format Version 12.00
# Visual Studio Version 17
VisualStudioVersion = 17.5.33516.290
MinimumVisualStudioVersion = 10.0.40219.1
Project("{2150E333-8FDC-42A3-9474-1A3956D46DE8}") = "1 - WebApi", "1 - WebApi", "{89B368B1-3B8D-490F-A41B-72EE43095735}"
EndProject
Project("{FAE04EC0-301F-11D3-BF4B-00C04F79EFBC}") = "WebApi", "WebApi\WebApi.csproj", "{260835AD-556E-4DB8-9B6E-8F22A6AABD53}"
EndProject
Project("{FAE04EC0-301F-11D3-BF4B-00C04F79EFBC}") = "Domain", "Domain\Domain.csproj", "{AFDDC7FF-6673-43EF-8F6F-FBE7CF8B0148}"
EndProject
Project("{2150E333-8FDC-42A3-9474-1A3956D46DE8}") = "2 - Domain", "2 - Domain", "{022A049D-A681-4DB0-9049-3083DE114C01}"
EndProject
Project("{E53339B2-1760-4266-BCC7-CA923CBCF16C}") = "docker-compose", "docker-compose.dcproj", "{352FE53D-36E6-4239-9F5A-C60C2B82C7CD}"
EndProject
Global
	GlobalSection(SolutionConfigurationPlatforms) = preSolution
		Debug|Any CPU = Debug|Any CPU
		Release|Any CPU = Release|Any CPU
	EndGlobalSection
	GlobalSection(ProjectConfigurationPlatforms) = postSolution
		{260835AD-556E-4DB8-9B6E-8F22A6AABD53}.Debug|Any CPU.ActiveCfg = Debug|Any CPU
		{260835AD-556E-4DB8-9B6E-8F22A6AABD53}.Debug|Any CPU.Build.0 = Debug|Any CPU
		{260835AD-556E-4DB8-9B6E-8F22A6AABD53}.Release|Any CPU.ActiveCfg = Release|Any CPU
		{260835AD-556E-4DB8-9B6E-8F22A6AABD53}.Release|Any CPU.Build.0 = Release|Any CPU
		{AFDDC7FF-6673-43EF-8F6F-FBE7CF8B0148}.Debug|Any CPU.ActiveCfg = Debug|Any CPU
		{AFDDC7FF-6673-43EF-8F6F-FBE7CF8B0148}.Debug|Any CPU.Build.0 = Debug|Any CPU
		{AFDDC7FF-6673-43EF-8F6F-FBE7CF8B0148}.Release|Any CPU.ActiveCfg = Release|Any CPU
		{AFDDC7FF-6673-43EF-8F6F-FBE7CF8B0148}.Release|Any CPU.Build.0 = Release|Any CPU
		{352FE53D-36E6-4239-9F5A-C60C2B82C7CD}.Debug|Any CPU.ActiveCfg = Debug|Any CPU
		{352FE53D-36E6-4239-9F5A-C60C2B82C7CD}.Debug|Any CPU.Build.0 = Debug|Any CPU
		{352FE53D-36E6-4239-9F5A-C60C2B82C7CD}.Release|Any CPU.ActiveCfg = Release|Any CPU
		{352FE53D-36E6-4239-9F5A-C60C2B82C7CD}.Release|Any CPU.Build.0 = Release|Any CPU
	EndGlobalSection
	GlobalSection(SolutionProperties) = preSolution
		HideSolutionNode = FALSE
	EndGlobalSection
	GlobalSection(NestedProjects) = preSolution
		{260835AD-556E-4DB8-9B6E-8F22A6AABD53} = {89B368B1-3B8D-490F-A41B-72EE43095735}
		{AFDDC7FF-6673-43EF-8F6F-FBE7CF8B0148} = {022A049D-A681-4DB0-9049-3083DE114C01}
	EndGlobalSection
	GlobalSection(ExtensibilityGlobals) = postSolution
		SolutionGuid = {6D7BF1E7-AC0A-417C-85DF-019FEE7485DB}
	EndGlobalSection
EndGlobal
